# THIS IS AN AUTOGENERATED FILE. DO NOT EDIT THIS FILE DIRECTLY.
# yarn lockfile v1


limit-promise@^1.0.6:
  version "1.0.6"
  resolved "https://registry.yarnpkg.com/limit-promise/-/limit-promise-1.0.6.tgz#88d768585c1bec975b686f9c1f90635076444ec0"
  integrity sha512-jvNHctXG7ClagHJvUR/ibjCGFI4+NT2mqoq1htKyvRkhNosOzeJia9j87qrzuzbXChSgu0IhEcP7OSdnbGe4Pg==
