# THIS IS AN AUTOGENERATED FILE. DO NOT EDIT THIS FILE DIRECTLY.
# yarn lockfile v1


limit-promise@latest:
  version "1.0.1"
  resolved "https://registry.yarnpkg.com/limit-promise/-/limit-promise-1.0.1.tgz#72a0d133ada97b2b1e112b39b8a24809ba8b25d2"
  integrity sha512-yObtTArnlbWWNYQ83mmKmMpcqguoGIkS0/84bkxXe1MFXEgmZ70cxN9BuGAVKN8LMbIzGRE7OiXF8LFjwiniUA==
