# THIS IS AN AUTOGENERATED FILE. DO NOT EDIT THIS FILE DIRECTLY.
# yarn lockfile v1


limit-promise@latest:
  version "1.0.3"
  resolved "https://registry.yarnpkg.com/limit-promise/-/limit-promise-1.0.3.tgz#c51a886d5c9b160b79ed5828ba0aaa563db671a0"
  integrity sha512-0Kc7cFDbt3dZJF84/Zrk7YZMqUbvnfVjA1fI/aLSUo3ay0VnPY7uDyLIJRK8W3C4lN2atGzF9wWnal80ORVgfw==
